
Microsoft Visual Studio Solution File, Format Version 12.00
# Visual Studio Version 17
VisualStudioVersion = 17.3.32922.545
MinimumVisualStudioVersion = 10.0.40219.1
Project("{FAE04EC0-301F-11D3-BF4B-00C04F79EFBC}") = "FocusNumericUpDownTest", "FocusNumericUpDownTest\FocusNumericUpDownTest.csproj", "{62553738-D257-4681-932F-5E88AB51D54A}"
EndProject
Project("{2150E333-8FDC-42A3-9474-1A3956D46DE8}") = "方案項目", "方案項目", "{1BBAF93D-43C5-4221-8D55-56DBE6F18F9D}"
	ProjectSection(SolutionItems) = preProject
		LICENSE.txt = LICENSE.txt
		README.md = README.md
	EndProjectSection
EndProject
Global
	GlobalSection(SolutionConfigurationPlatforms) = preSolution
		Debug|Any CPU = Debug|Any CPU
		Release|Any CPU = Release|Any CPU
	EndGlobalSection
	GlobalSection(ProjectConfigurationPlatforms) = postSolution
		{62553738-D257-4681-932F-5E88AB51D54A}.Debug|Any CPU.ActiveCfg = Debug|Any CPU
		{62553738-D257-4681-932F-5E88AB51D54A}.Debug|Any CPU.Build.0 = Debug|Any CPU
		{62553738-D257-4681-932F-5E88AB51D54A}.Release|Any CPU.ActiveCfg = Release|Any CPU
		{62553738-D257-4681-932F-5E88AB51D54A}.Release|Any CPU.Build.0 = Release|Any CPU
	EndGlobalSection
	GlobalSection(SolutionProperties) = preSolution
		HideSolutionNode = FALSE
	EndGlobalSection
	GlobalSection(ExtensibilityGlobals) = postSolution
		SolutionGuid = {45B8D7DF-75DE-43DB-A2BA-B7527BEE53FA}
	EndGlobalSection
EndGlobal
